// !$*UTF8*$!
{
	archiveVersion = 1;
	classes = {
	};
	objectVersion = 46;
	objects = {

/* Begin PBXBuildFile section */
		5EBC2D601E51E3EF007E693F /* AppDelegate.swift in Sources */ = {isa = PBXBuildFile; fileRef = 5EBC2D5F1E51E3EF007E693F /* AppDelegate.swift */; };
		5EBC2D621E51E3EF007E693F /* ViewController.swift in Sources */ = {isa = PBXBuildFile; fileRef = 5EBC2D611E51E3EF007E693F /* ViewController.swift */; };
		5EBC2D651E51E3EF007E693F /* Main.storyboard in Resources */ = {isa = PBXBuildFile; fileRef = 5EBC2D631E51E3EF007E693F /* Main.storyboard */; };
		5EBC2D671E51E3EF007E693F /* Assets.xcassets in Resources */ = {isa = PBXBuildFile; fileRef = 5EBC2D661E51E3EF007E693F /* Assets.xcassets */; };
		5EBC2D6A1E51E3EF007E693F /* LaunchScreen.storyboard in Resources */ = {isa = PBXBuildFile; fileRef = 5EBC2D681E51E3EF007E693F /* LaunchScreen.storyboard */; };
		5EBC2D751E51E3EF007E693F /* DersProjeTests.swift in Sources */ = {isa = PBXBuildFile; fileRef = 5EBC2D741E51E3EF007E693F /* DersProjeTests.swift */; };
		5EBC2D801E51E3EF007E693F /* DersProjeUITests.swift in Sources */ = {isa = PBXBuildFile; fileRef = 5EBC2D7F1E51E3EF007E693F /* DersProjeUITests.swift */; };
/* End PBXBuildFile section */

/* Begin PBXContainerItemProxy section */
		5EBC2D711E51E3EF007E693F /* PBXContainerItemProxy */ = {
			isa = PBXContainerItemProxy;
			containerPortal = 5EBC2D541E51E3EF007E693F /* Project object */;
			proxyType = 1;
			remoteGlobalIDString = 5EBC2D5B1E51E3EF007E693F;
			remoteInfo = DersProje;
		};
		5EBC2D7C1E51E3EF007E693F /* PBXContainerItemProxy */ = {
			isa = PBXContainerItemProxy;
			containerPortal = 5EBC2D541E51E3EF007E693F /* Project object */;
			proxyType = 1;
			remoteGlobalIDString = 5EBC2D5B1E51E3EF007E693F;
			remoteInfo = DersProje;
		};
/* End PBXContainerItemProxy section */

/* Begin PBXFileReference section */
		5EBC2D5C1E51E3EF007E693F /* DersProje.app */ = {isa = PBXFileReference; explicitFileType = wrapper.application; includeInIndex = 0; path = DersProje.app; sourceTree = BUILT_PRODUCTS_DIR; };
		5EBC2D5F1E51E3EF007E693F /* AppDelegate.swift */ = {isa = PBXFileReference; lastKnownFileType = sourcecode.swift; path = AppDelegate.swift; sourceTree = "<group>"; };
		5EBC2D611E51E3EF007E693F /* ViewController.swift */ = {isa = PBXFileReference; lastKnownFileType = sourcecode.swift; path = ViewController.swift; sourceTree = "<group>"; };
		5EBC2D641E51E3EF007E693F /* Base */ = {isa = PBXFileReference; lastKnownFileType = file.storyboard; name = Base; path = Base.lproj/Main.storyboard; sourceTree = "<group>"; };
		5EBC2D661E51E3EF007E693F /* Assets.xcassets */ = {isa = PBXFileReference; lastKnownFileType = folder.assetcatalog; path = Assets.xcassets; sourceTree = "<group>"; };
		5EBC2D691E51E3EF007E693F /* Base */ = {isa = PBXFileReference; lastKnownFileType = file.storyboard; name = Base; path = Base.lproj/LaunchScreen.storyboard; sourceTree = "<group>"; };
		5EBC2D6B1E51E3EF007E693F /* Info.plist */ = {isa = PBXFileReference; lastKnownFileType = text.plist.xml; path = Info.plist; sourceTree = "<group>"; };
		5EBC2D701E51E3EF007E693F /* DersProjeTests.xctest */ = {isa = PBXFileReference; explicitFileType = wrapper.cfbundle; includeInIndex = 0; path = DersProjeTests.xctest; sourceTree = BUILT_PRODUCTS_DIR; };
		5EBC2D741E51E3EF007E693F /* DersProjeTests.swift */ = {isa = PBXFileReference; lastKnownFileType = sourcecode.swift; path = DersProjeTests.swift; sourceTree = "<group>"; };
		5EBC2D761E51E3EF007E693F /* Info.plist */ = {isa = PBXFileReference; lastKnownFileType = text.plist.xml; path = Info.plist; sourceTree = "<group>"; };
		5EBC2D7B1E51E3EF007E693F /* DersProjeUITests.xctest */ = {isa = PBXFileReference; explicitFileType = wrapper.cfbundle; includeInIndex = 0; path = DersProjeUITests.xctest; sourceTree = BUILT_PRODUCTS_DIR; };
		5EBC2D7F1E51E3EF007E693F /* DersProjeUITests.swift */ = {isa = PBXFileReference; lastKnownFileType = sourcecode.swift; path = DersProjeUITests.swift; sourceTree = "<group>"; };
		5EBC2D811E51E3EF007E693F /* Info.plist */ = {isa = PBXFileReference; lastKnownFileType = text.plist.xml; path = Info.plist; sourceTree = "<group>"; };
/* End PBXFileReference section */

/* Begin PBXFrameworksBuildPhase section */
		5EBC2D591E51E3EF007E693F /* Frameworks */ = {
			isa = PBXFrameworksBuildPhase;
			buildActionMask = 2147483647;
			files = (
			);
			runOnlyForDeploymentPostprocessing = 0;
		};
		5EBC2D6D1E51E3EF007E693F /* Frameworks */ = {
			isa = PBXFrameworksBuildPhase;
			buildActionMask = 2147483647;
			files = (
			);
			runOnlyForDeploymentPostprocessing = 0;
		};
		5EBC2D781E51E3EF007E693F /* Frameworks */ = {
			isa = PBXFrameworksBuildPhase;
			buildActionMask = 2147483647;
			files = (
			);
			runOnlyForDeploymentPostprocessing = 0;
		};
/* End PBXFrameworksBuildPhase section */

/* Begin PBXGroup section */
		5EBC2D531E51E3EF007E693F = {
			isa = PBXGroup;
			children = (
				5EBC2D5E1E51E3EF007E693F /* DersProje */,
				5EBC2D731E51E3EF007E693F /* DersProjeTests */,
				5EBC2D7E1E51E3EF007E693F /* DersProjeUITests */,
				5EBC2D5D1E51E3EF007E693F /* Products */,
			);
			sourceTree = "<group>";
		};
		5EBC2D5D1E51E3EF007E693F /* Products */ = {
			isa = PBXGroup;
			children = (
				5EBC2D5C1E51E3EF007E693F /* DersProje.app */,
				5EBC2D701E51E3EF007E693F /* DersProjeTests.xctest */,
				5EBC2D7B1E51E3EF007E693F /* DersProjeUITests.xctest */,
			);
			name = Products;
			sourceTree = "<group>";
		};
		5EBC2D5E1E51E3EF007E693F /* DersProje */ = {
			isa = PBXGroup;
			children = (
				5EBC2D5F1E51E3EF007E693F /* AppDelegate.swift */,
				5EBC2D611E51E3EF007E693F /* ViewController.swift */,
				5EBC2D631E51E3EF007E693F /* Main.storyboard */,
				5EBC2D661E51E3EF007E693F /* Assets.xcassets */,
				5EBC2D681E51E3EF007E693F /* LaunchScreen.storyboard */,
				5EBC2D6B1E51E3EF007E693F /* Info.plist */,
			);
			path = DersProje;
			sourceTree = "<group>";
		};
		5EBC2D731E51E3EF007E693F /* DersProjeTests */ = {
			isa = PBXGroup;
			children = (
				5EBC2D741E51E3EF007E693F /* DersProjeTests.swift */,
				5EBC2D761E51E3EF007E693F /* Info.plist */,
			);
			path = DersProjeTests;
			sourceTree = "<group>";
		};
		5EBC2D7E1E51E3EF007E693F /* DersProjeUITests */ = {
			isa = PBXGroup;
			children = (
				5EBC2D7F1E51E3EF007E693F /* DersProjeUITests.swift */,
				5EBC2D811E51E3EF007E693F /* Info.plist */,
			);
			path = DersProjeUITests;
			sourceTree = "<group>";
		};
/* End PBXGroup section */

/* Begin PBXNativeTarget section */
		5EBC2D5B1E51E3EF007E693F /* DersProje */ = {
			isa = PBXNativeTarget;
			buildConfigurationList = 5EBC2D841E51E3EF007E693F /* Build configuration list for PBXNativeTarget "DersProje" */;
			buildPhases = (
				5EBC2D581E51E3EF007E693F /* Sources */,
				5EBC2D591E51E3EF007E693F /* Frameworks */,
				5EBC2D5A1E51E3EF007E693F /* Resources */,
			);
			buildRules = (
			);
			dependencies = (
			);
			name = DersProje;
			productName = DersProje;
			productReference = 5EBC2D5C1E51E3EF007E693F /* DersProje.app */;
			productType = "com.apple.product-type.application";
		};
		5EBC2D6F1E51E3EF007E693F /* DersProjeTests */ = {
			isa = PBXNativeTarget;
			buildConfigurationList = 5EBC2D871E51E3EF007E693F /* Build configuration list for PBXNativeTarget "DersProjeTests" */;
			buildPhases = (
				5EBC2D6C1E51E3EF007E693F /* Sources */,
				5EBC2D6D1E51E3EF007E693F /* Frameworks */,
				5EBC2D6E1E51E3EF007E693F /* Resources */,
			);
			buildRules = (
			);
			dependencies = (
				5EBC2D721E51E3EF007E693F /* PBXTargetDependency */,
			);
			name = DersProjeTests;
			productName = DersProjeTests;
			productReference = 5EBC2D701E51E3EF007E693F /* DersProjeTests.xctest */;
			productType = "com.apple.product-type.bundle.unit-test";
		};
		5EBC2D7A1E51E3EF007E693F /* DersProjeUITests */ = {
			isa = PBXNativeTarget;
			buildConfigurationList = 5EBC2D8A1E51E3EF007E693F /* Build configuration list for PBXNativeTarget "DersProjeUITests" */;
			buildPhases = (
				5EBC2D771E51E3EF007E693F /* Sources */,
				5EBC2D781E51E3EF007E693F /* Frameworks */,
				5EBC2D791E51E3EF007E693F /* Resources */,
			);
			buildRules = (
			);
			dependencies = (
				5EBC2D7D1E51E3EF007E693F /* PBXTargetDependency */,
			);
			name = DersProjeUITests;
			productName = DersProjeUITests;
			productReference = 5EBC2D7B1E51E3EF007E693F /* DersProjeUITests.xctest */;
			productType = "com.apple.product-type.bundle.ui-testing";
		};
/* End PBXNativeTarget section */

/* Begin PBXProject section */
		5EBC2D541E51E3EF007E693F /* Project object */ = {
			isa = PBXProject;
			attributes = {
				LastSwiftUpdateCheck = 0820;
				LastUpgradeCheck = 0820;
				ORGANIZATIONNAME = mac;
				TargetAttributes = {
					5EBC2D5B1E51E3EF007E693F = {
						CreatedOnToolsVersion = 8.2.1;
						ProvisioningStyle = Automatic;
					};
					5EBC2D6F1E51E3EF007E693F = {
						CreatedOnToolsVersion = 8.2.1;
						ProvisioningStyle = Automatic;
						TestTargetID = 5EBC2D5B1E51E3EF007E693F;
					};
					5EBC2D7A1E51E3EF007E693F = {
						CreatedOnToolsVersion = 8.2.1;
						ProvisioningStyle = Automatic;
						TestTargetID = 5EBC2D5B1E51E3EF007E693F;
					};
				};
			};
			buildConfigurationList = 5EBC2D571E51E3EF007E693F /* Build configuration list for PBXProject "DersProje" */;
			compatibilityVersion = "Xcode 3.2";
			developmentRegion = English;
			hasScannedForEncodings = 0;
			knownRegions = (
				en,
				Base,
			);
			mainGroup = 5EBC2D531E51E3EF007E693F;
			productRefGroup = 5EBC2D5D1E51E3EF007E693F /* Products */;
			projectDirPath = "";
			projectRoot = "";
			targets = (
				5EBC2D5B1E51E3EF007E693F /* DersProje */,
				5EBC2D6F1E51E3EF007E693F /* DersProjeTests */,
				5EBC2D7A1E51E3EF007E693F /* DersProjeUITests */,
			);
		};
/* End PBXProject section */

/* Begin PBXResourcesBuildPhase section */
		5EBC2D5A1E51E3EF007E693F /* Resources */ = {
			isa = PBXResourcesBuildPhase;
			buildActionMask = 2147483647;
			files = (
				5EBC2D6A1E51E3EF007E693F /* LaunchScreen.storyboard in Resources */,
				5EBC2D671E51E3EF007E693F /* Assets.xcassets in Resources */,
				5EBC2D651E51E3EF007E693F /* Main.storyboard in Resources */,
			);
			runOnlyForDeploymentPostprocessing = 0;
		};
		5EBC2D6E1E51E3EF007E693F /* Resources */ = {
			isa = PBXResourcesBuildPhase;
			buildActionMask = 2147483647;
			files = (
			);
			runOnlyForDeploymentPostprocessing = 0;
		};
		5EBC2D791E51E3EF007E693F /* Resources */ = {
			isa = PBXResourcesBuildPhase;
			buildActionMask = 2147483647;
			files = (
			);
			runOnlyForDeploymentPostprocessing = 0;
		};
/* End PBXResourcesBuildPhase section */

/* Begin PBXSourcesBuildPhase section */
		5EBC2D581E51E3EF007E693F /* Sources */ = {
			isa = PBXSourcesBuildPhase;
			buildActionMask = 2147483647;
			files = (
				5EBC2D621E51E3EF007E693F /* ViewController.swift in Sources */,
				5EBC2D601E51E3EF007E693F /* AppDelegate.swift in Sources */,
			);
			runOnlyForDeploymentPostprocessing = 0;
		};
		5EBC2D6C1E51E3EF007E693F /* Sources */ = {
			isa = PBXSourcesBuildPhase;
			buildActionMask = 2147483647;
			files = (
				5EBC2D751E51E3EF007E693F /* DersProjeTests.swift in Sources */,
			);
			runOnlyForDeploymentPostprocessing = 0;
		};
		5EBC2D771E51E3EF007E693F /* Sources */ = {
			isa = PBXSourcesBuildPhase;
			buildActionMask = 2147483647;
			files = (
				5EBC2D801E51E3EF007E693F /* DersProjeUITests.swift in Sources */,
			);
			runOnlyForDeploymentPostprocessing = 0;
		};
/* End PBXSourcesBuildPhase section */

/* Begin PBXTargetDependency section */
		5EBC2D721E51E3EF007E693F /* PBXTargetDependency */ = {
			isa = PBXTargetDependency;
			target = 5EBC2D5B1E51E3EF007E693F /* DersProje */;
			targetProxy = 5EBC2D711E51E3EF007E693F /* PBXContainerItemProxy */;
		};
		5EBC2D7D1E51E3EF007E693F /* PBXTargetDependency */ = {
			isa = PBXTargetDependency;
			target = 5EBC2D5B1E51E3EF007E693F /* DersProje */;
			targetProxy = 5EBC2D7C1E51E3EF007E693F /* PBXContainerItemProxy */;
		};
/* End PBXTargetDependency section */

/* Begin PBXVariantGroup section */
		5EBC2D631E51E3EF007E693F /* Main.storyboard */ = {
			isa = PBXVariantGroup;
			children = (
				5EBC2D641E51E3EF007E693F /* Base */,
			);
			name = Main.storyboard;
			sourceTree = "<group>";
		};
		5EBC2D681E51E3EF007E693F /* LaunchScreen.storyboard */ = {
			isa = PBXVariantGroup;
			children = (
				5EBC2D691E51E3EF007E693F /* Base */,
			);
			name = LaunchScreen.storyboard;
			sourceTree = "<group>";
		};
/* End PBXVariantGroup section */

/* Begin XCBuildConfiguration section */
		5EBC2D821E51E3EF007E693F /* Debug */ = {
			isa = XCBuildConfiguration;
			buildSettings = {
				ALWAYS_SEARCH_USER_PATHS = NO;
				CLANG_ANALYZER_NONNULL = YES;
				CLANG_CXX_LANGUAGE_STANDARD = "gnu++0x";
				CLANG_CXX_LIBRARY = "libc++";
				CLANG_ENABLE_MODULES = YES;
				CLANG_ENABLE_OBJC_ARC = YES;
				CLANG_WARN_BOOL_CONVERSION = YES;
				CLANG_WARN_CONSTANT_CONVERSION = YES;
				CLANG_WARN_DIRECT_OBJC_ISA_USAGE = YES_ERROR;
				CLANG_WARN_DOCUMENTATION_COMMENTS = YES;
				CLANG_WARN_EMPTY_BODY = YES;
				CLANG_WARN_ENUM_CONVERSION = YES;
				CLANG_WARN_INFINITE_RECURSION = YES;
				CLANG_WARN_INT_CONVERSION = YES;
				CLANG_WARN_OBJC_ROOT_CLASS = YES_ERROR;
				CLANG_WARN_SUSPICIOUS_MOVE = YES;
				CLANG_WARN_UNREACHABLE_CODE = YES;
				CLANG_WARN__DUPLICATE_METHOD_MATCH = YES;
				"CODE_SIGN_IDENTITY[sdk=iphoneos*]" = "iPhone Developer";
				COPY_PHASE_STRIP = NO;
				DEBUG_INFORMATION_FORMAT = dwarf;
				ENABLE_STRICT_OBJC_MSGSEND = YES;
				ENABLE_TESTABILITY = YES;
				GCC_C_LANGUAGE_STANDARD = gnu99;
				GCC_DYNAMIC_NO_PIC = NO;
				GCC_NO_COMMON_BLOCKS = YES;
				GCC_OPTIMIZATION_LEVEL = 0;
				GCC_PREPROCESSOR_DEFINITIONS = (
					"DEBUG=1",
					"$(inherited)",
				);
				GCC_WARN_64_TO_32_BIT_CONVERSION = YES;
				GCC_WARN_ABOUT_RETURN_TYPE = YES_ERROR;
				GCC_WARN_UNDECLARED_SELECTOR = YES;
				GCC_WARN_UNINITIALIZED_AUTOS = YES_AGGRESSIVE;
				GCC_WARN_UNUSED_FUNCTION = YES;
				GCC_WARN_UNUSED_VARIABLE = YES;
				IPHONEOS_DEPLOYMENT_TARGET = 10.2;
				MTL_ENABLE_DEBUG_INFO = YES;
				ONLY_ACTIVE_ARCH = YES;
				SDKROOT = iphoneos;
				SWIFT_ACTIVE_COMPILATION_CONDITIONS = DEBUG;
				SWIFT_OPTIMIZATION_LEVEL = "-Onone";
				TARGETED_DEVICE_FAMILY = "1,2";
			};
			name = Debug;
		};
		5EBC2D831E51E3EF007E693F /* Release */ = {
			isa = XCBuildConfiguration;
			buildSettings = {
				ALWAYS_SEARCH_USER_PATHS = NO;
				CLANG_ANALYZER_NONNULL = YES;
				CLANG_CXX_LANGUAGE_STANDARD = "gnu++0x";
				CLANG_CXX_LIBRARY = "libc++";
				CLANG_ENABLE_MODULES = YES;
				CLANG_ENABLE_OBJC_ARC = YES;
				CLANG_WARN_BOOL_CONVERSION = YES;
				CLANG_WARN_CONSTANT_CONVERSION = YES;
				CLANG_WARN_DIRECT_OBJC_ISA_USAGE = YES_ERROR;
				CLANG_WARN_DOCUMENTATION_COMMENTS = YES;
				CLANG_WARN_EMPTY_BODY = YES;
				CLANG_WARN_ENUM_CONVERSION = YES;
				CLANG_WARN_INFINITE_RECURSION = YES;
				CLANG_WARN_INT_CONVERSION = YES;
				CLANG_WARN_OBJC_ROOT_CLASS = YES_ERROR;
				CLANG_WARN_SUSPICIOUS_MOVE = YES;
				CLANG_WARN_UNREACHABLE_CODE = YES;
				CLANG_WARN__DUPLICATE_METHOD_MATCH = YES;
				"CODE_SIGN_IDENTITY[sdk=iphoneos*]" = "iPhone Developer";
				COPY_PHASE_STRIP = NO;
				DEBUG_INFORMATION_FORMAT = "dwarf-with-dsym";
				ENABLE_NS_ASSERTIONS = NO;
				ENABLE_STRICT_OBJC_MSGSEND = YES;
				GCC_C_LANGUAGE_STANDARD = gnu99;
				GCC_NO_COMMON_BLOCKS = YES;
				GCC_WARN_64_TO_32_BIT_CONVERSION = YES;
				GCC_WARN_ABOUT_RETURN_TYPE = YES_ERROR;
				GCC_WARN_UNDECLARED_SELECTOR = YES;
				GCC_WARN_UNINITIALIZED_AUTOS = YES_AGGRESSIVE;
				GCC_WARN_UNUSED_FUNCTION = YES;
				GCC_WARN_UNUSED_VARIABLE = YES;
				IPHONEOS_DEPLOYMENT_TARGET = 10.2;
				MTL_ENABLE_DEBUG_INFO = NO;
				SDKROOT = iphoneos;
				SWIFT_OPTIMIZATION_LEVEL = "-Owholemodule";
				TARGETED_DEVICE_FAMILY = "1,2";
				VALIDATE_PRODUCT = YES;
			};
			name = Release;
		};
		5EBC2D851E51E3EF007E693F /* Debug */ = {
			isa = XCBuildConfiguration;
			buildSettings = {
				ASSETCATALOG_COMPILER_APPICON_NAME = AppIcon;
				INFOPLIST_FILE = DersProje/Info.plist;
				LD_RUNPATH_SEARCH_PATHS = "$(inherited) @executable_path/Frameworks";
				PRODUCT_BUNDLE_IDENTIFIER = furkan.DersProje;
				PRODUCT_NAME = "$(TARGET_NAME)";
				SWIFT_VERSION = 3.0;
			};
			name = Debug;
		};
		5EBC2D861E51E3EF007E693F /* Release */ = {
			isa = XCBuildConfiguration;
			buildSettings = {
				ASSETCATALOG_COMPILER_APPICON_NAME = AppIcon;
				INFOPLIST_FILE = DersProje/Info.plist;
				LD_RUNPATH_SEARCH_PATHS = "$(inherited) @executable_path/Frameworks";
				PRODUCT_BUNDLE_IDENTIFIER = furkan.DersProje;
				PRODUCT_NAME = "$(TARGET_NAME)";
				SWIFT_VERSION = 3.0;
			};
			name = Release;
		};
		5EBC2D881E51E3EF007E693F /* Debug */ = {
			isa = XCBuildConfiguration;
			buildSettings = {
				ALWAYS_EMBED_SWIFT_STANDARD_LIBRARIES = YES;
				BUNDLE_LOADER = "$(TEST_HOST)";
				INFOPLIST_FILE = DersProjeTests/Info.plist;
				LD_RUNPATH_SEARCH_PATHS = "$(inherited) @executable_path/Frameworks @loader_path/Frameworks";
				PRODUCT_BUNDLE_IDENTIFIER = furkan.DersProjeTests;
				PRODUCT_NAME = "$(TARGET_NAME)";
				SWIFT_VERSION = 3.0;
				TEST_HOST = "$(BUILT_PRODUCTS_DIR)/DersProje.app/DersProje";
			};
			name = Debug;
		};
		5EBC2D891E51E3EF007E693F /* Release */ = {
			isa = XCBuildConfiguration;
			buildSettings = {
				ALWAYS_EMBED_SWIFT_STANDARD_LIBRARIES = YES;
				BUNDLE_LOADER = "$(TEST_HOST)";
				INFOPLIST_FILE = DersProjeTests/Info.plist;
				LD_RUNPATH_SEARCH_PATHS = "$(inherited) @executable_path/Frameworks @loader_path/Frameworks";
				PRODUCT_BUNDLE_IDENTIFIER = furkan.DersProjeTests;
				PRODUCT_NAME = "$(TARGET_NAME)";
				SWIFT_VERSION = 3.0;
				TEST_HOST = "$(BUILT_PRODUCTS_DIR)/DersProje.app/DersProje";
			};
			name = Release;
		};
		5EBC2D8B1E51E3EF007E693F /* Debug */ = {
			isa = XCBuildConfiguration;
			buildSettings = {
				ALWAYS_EMBED_SWIFT_STANDARD_LIBRARIES = YES;
				INFOPLIST_FILE = DersProjeUITests/Info.plist;
				LD_RUNPATH_SEARCH_PATHS = "$(inherited) @executable_path/Frameworks @loader_path/Frameworks";
				PRODUCT_BUNDLE_IDENTIFIER = furkan.DersProjeUITests;
				PRODUCT_NAME = "$(TARGET_NAME)";
				SWIFT_VERSION = 3.0;
				TEST_TARGET_NAME = DersProje;
			};
			name = Debug;
		};
		5EBC2D8C1E51E3EF007E693F /* Release */ = {
			isa = XCBuildConfiguration;
			buildSettings = {
				ALWAYS_EMBED_SWIFT_STANDARD_LIBRARIES = YES;
				INFOPLIST_FILE = DersProjeUITests/Info.plist;
				LD_RUNPATH_SEARCH_PATHS = "$(inherited) @executable_path/Frameworks @loader_path/Frameworks";
				PRODUCT_BUNDLE_IDENTIFIER = furkan.DersProjeUITests;
				PRODUCT_NAME = "$(TARGET_NAME)";
				SWIFT_VERSION = 3.0;
				TEST_TARGET_NAME = DersProje;
			};
			name = Release;
		};
/* End XCBuildConfiguration section */

/* Begin XCConfigurationList section */
		5EBC2D571E51E3EF007E693F /* Build configuration list for PBXProject "DersProje" */ = {
			isa = XCConfigurationList;
			buildConfigurations = (
				5EBC2D821E51E3EF007E693F /* Debug */,
				5EBC2D831E51E3EF007E693F /* Release */,
			);
			defaultConfigurationIsVisible = 0;
			defaultConfigurationName = Release;
		};
		5EBC2D841E51E3EF007E693F /* Build configuration list for PBXNativeTarget "DersProje" */ = {
			isa = XCConfigurationList;
			buildConfigurations = (
				5EBC2D851E51E3EF007E693F /* Debug */,
				5EBC2D861E51E3EF007E693F /* Release */,
			);
			defaultConfigurationIsVisible = 0;
		};
		5EBC2D871E51E3EF007E693F /* Build configuration list for PBXNativeTarget "DersProjeTests" */ = {
			isa = XCConfigurationList;
			buildConfigurations = (
				5EBC2D881E51E3EF007E693F /* Debug */,
				5EBC2D891E51E3EF007E693F /* Release */,
			);
			defaultConfigurationIsVisible = 0;
		};
		5EBC2D8A1E51E3EF007E693F /* Build configuration list for PBXNativeTarget "DersProjeUITests" */ = {
			isa = XCConfigurationList;
			buildConfigurations = (
				5EBC2D8B1E51E3EF007E693F /* Debug */,
				5EBC2D8C1E51E3EF007E693F /* Release */,
			);
			defaultConfigurationIsVisible = 0;
		};
/* End XCConfigurationList section */
	};
	rootObject = 5EBC2D541E51E3EF007E693F /* Project object */;
}
